// !$*UTF8*$!
{
	archiveVersion = 1;
	classes = {
	};
	objectVersion = 56;
	objects = {

/* Begin PBXBuildFile section */
		5F2589912B872F2D00A1B9B5 /* AppDelegate.swift in Sources */ = {isa = PBXBuildFile; fileRef = 5F2589902B872F2D00A1B9B5 /* AppDelegate.swift */; };
		5F2589932B872F2D00A1B9B5 /* SceneDelegate.swift in Sources */ = {isa = PBXBuildFile; fileRef = 5F2589922B872F2D00A1B9B5 /* SceneDelegate.swift */; };
		5F2589952B872F2D00A1B9B5 /* ViewController.swift in Sources */ = {isa = PBXBuildFile; fileRef = 5F2589942B872F2D00A1B9B5 /* ViewController.swift */; };
		5F25899A2B872F2F00A1B9B5 /* Assets.xcassets in Resources */ = {isa = PBXBuildFile; fileRef = 5F2589992B872F2F00A1B9B5 /* Assets.xcassets */; };
		5F25899D2B872F2F00A1B9B5 /* LaunchScreen.storyboard in Resources */ = {isa = PBXBuildFile; fileRef = 5F25899B2B872F2F00A1B9B5 /* LaunchScreen.storyboard */; };
		5F2589AB2B872F5A00A1B9B5 /* KeyboardViewController.swift in Sources */ = {isa = PBXBuildFile; fileRef = 5F2589AA2B872F5A00A1B9B5 /* KeyboardViewController.swift */; };
		5F2589AF2B872F5A00A1B9B5 /* KBDExt.appex in Embed Foundation Extensions */ = {isa = PBXBuildFile; fileRef = 5F2589A82B872F5A00A1B9B5 /* KBDExt.appex */; settings = {ATTRIBUTES = (RemoveHeadersOnCopy, ); }; };
		5F2589D52B87322C00A1B9B5 /* WidgetKit.framework in Frameworks */ = {isa = PBXBuildFile; fileRef = 5F2589BA2B8731AA00A1B9B5 /* WidgetKit.framework */; };
		5F2589D62B87322C00A1B9B5 /* SwiftUI.framework in Frameworks */ = {isa = PBXBuildFile; fileRef = 5F2589BC2B8731AA00A1B9B5 /* SwiftUI.framework */; };
		5F2589D92B87322C00A1B9B5 /* WEBundle.swift in Sources */ = {isa = PBXBuildFile; fileRef = 5F2589D82B87322C00A1B9B5 /* WEBundle.swift */; };
		5F2589DB2B87322C00A1B9B5 /* WE.swift in Sources */ = {isa = PBXBuildFile; fileRef = 5F2589DA2B87322C00A1B9B5 /* WE.swift */; };
		5F2589DD2B87322E00A1B9B5 /* Assets.xcassets in Resources */ = {isa = PBXBuildFile; fileRef = 5F2589DC2B87322E00A1B9B5 /* Assets.xcassets */; };
		5F2589E12B87322E00A1B9B5 /* WEExtension.appex in Embed Foundation Extensions */ = {isa = PBXBuildFile; fileRef = 5F2589D42B87322C00A1B9B5 /* WEExtension.appex */; settings = {ATTRIBUTES = (RemoveHeadersOnCopy, ); }; };
		5F2589E62B87402700A1B9B5 /* KYDTabBarController.swift in Sources */ = {isa = PBXBuildFile; fileRef = 5F2589E52B87402700A1B9B5 /* KYDTabBarController.swift */; };
		5F2589E82B87442700A1B9B5 /* KYDNavigationController.swift in Sources */ = {isa = PBXBuildFile; fileRef = 5F2589E72B87442700A1B9B5 /* KYDNavigationController.swift */; };
/* End PBXBuildFile section */

/* Begin PBXContainerItemProxy section */
		5F2589AD2B872F5A00A1B9B5 /* PBXContainerItemProxy */ = {
			isa = PBXContainerItemProxy;
			containerPortal = 5F2589852B872F2D00A1B9B5 /* Project object */;
			proxyType = 1;
			remoteGlobalIDString = 5F2589A72B872F5A00A1B9B5;
			remoteInfo = KBDExt;
		};
		5F2589DF2B87322E00A1B9B5 /* PBXContainerItemProxy */ = {
			isa = PBXContainerItemProxy;
			containerPortal = 5F2589852B872F2D00A1B9B5 /* Project object */;
			proxyType = 1;
			remoteGlobalIDString = 5F2589D32B87322C00A1B9B5;
			remoteInfo = WEExtension;
		};
/* End PBXContainerItemProxy section */

/* Begin PBXCopyFilesBuildPhase section */
		5F2589B32B872F5A00A1B9B5 /* Embed Foundation Extensions */ = {
			isa = PBXCopyFilesBuildPhase;
			buildActionMask = 2147483647;
			dstPath = "";
			dstSubfolderSpec = 13;
			files = (
				5F2589E12B87322E00A1B9B5 /* WEExtension.appex in Embed Foundation Extensions */,
				5F2589AF2B872F5A00A1B9B5 /* KBDExt.appex in Embed Foundation Extensions */,
			);
			name = "Embed Foundation Extensions";
			runOnlyForDeploymentPostprocessing = 0;
		};
/* End PBXCopyFilesBuildPhase section */

/* Begin PBXFileReference section */
		5F25898D2B872F2D00A1B9B5 /* ExtApp.app */ = {isa = PBXFileReference; explicitFileType = wrapper.application; includeInIndex = 0; path = ExtApp.app; sourceTree = BUILT_PRODUCTS_DIR; };
		5F2589902B872F2D00A1B9B5 /* AppDelegate.swift */ = {isa = PBXFileReference; lastKnownFileType = sourcecode.swift; path = AppDelegate.swift; sourceTree = "<group>"; };
		5F2589922B872F2D00A1B9B5 /* SceneDelegate.swift */ = {isa = PBXFileReference; lastKnownFileType = sourcecode.swift; path = SceneDelegate.swift; sourceTree = "<group>"; };
		5F2589942B872F2D00A1B9B5 /* ViewController.swift */ = {isa = PBXFileReference; lastKnownFileType = sourcecode.swift; path = ViewController.swift; sourceTree = "<group>"; };
		5F2589992B872F2F00A1B9B5 /* Assets.xcassets */ = {isa = PBXFileReference; lastKnownFileType = folder.assetcatalog; path = Assets.xcassets; sourceTree = "<group>"; };
		5F25899C2B872F2F00A1B9B5 /* Base */ = {isa = PBXFileReference; lastKnownFileType = file.storyboard; name = Base; path = Base.lproj/LaunchScreen.storyboard; sourceTree = "<group>"; };
		5F25899E2B872F2F00A1B9B5 /* Info.plist */ = {isa = PBXFileReference; lastKnownFileType = text.plist.xml; path = Info.plist; sourceTree = "<group>"; };
		5F2589A82B872F5A00A1B9B5 /* KBDExt.appex */ = {isa = PBXFileReference; explicitFileType = "wrapper.app-extension"; includeInIndex = 0; path = KBDExt.appex; sourceTree = BUILT_PRODUCTS_DIR; };
		5F2589AA2B872F5A00A1B9B5 /* KeyboardViewController.swift */ = {isa = PBXFileReference; lastKnownFileType = sourcecode.swift; path = KeyboardViewController.swift; sourceTree = "<group>"; };
		5F2589AC2B872F5A00A1B9B5 /* Info.plist */ = {isa = PBXFileReference; lastKnownFileType = text.plist.xml; path = Info.plist; sourceTree = "<group>"; };
		5F2589BA2B8731AA00A1B9B5 /* WidgetKit.framework */ = {isa = PBXFileReference; lastKnownFileType = wrapper.framework; name = WidgetKit.framework; path = System/Library/Frameworks/WidgetKit.framework; sourceTree = SDKROOT; };
		5F2589BC2B8731AA00A1B9B5 /* SwiftUI.framework */ = {isa = PBXFileReference; lastKnownFileType = wrapper.framework; name = SwiftUI.framework; path = System/Library/Frameworks/SwiftUI.framework; sourceTree = SDKROOT; };
		5F2589D42B87322C00A1B9B5 /* WEExtension.appex */ = {isa = PBXFileReference; explicitFileType = "wrapper.app-extension"; includeInIndex = 0; path = WEExtension.appex; sourceTree = BUILT_PRODUCTS_DIR; };
		5F2589D82B87322C00A1B9B5 /* WEBundle.swift */ = {isa = PBXFileReference; lastKnownFileType = sourcecode.swift; path = WEBundle.swift; sourceTree = "<group>"; };
		5F2589DA2B87322C00A1B9B5 /* WE.swift */ = {isa = PBXFileReference; lastKnownFileType = sourcecode.swift; path = WE.swift; sourceTree = "<group>"; };
		5F2589DC2B87322E00A1B9B5 /* Assets.xcassets */ = {isa = PBXFileReference; lastKnownFileType = folder.assetcatalog; path = Assets.xcassets; sourceTree = "<group>"; };
		5F2589DE2B87322E00A1B9B5 /* Info.plist */ = {isa = PBXFileReference; lastKnownFileType = text.plist.xml; path = Info.plist; sourceTree = "<group>"; };
		5F2589E52B87402700A1B9B5 /* KYDTabBarController.swift */ = {isa = PBXFileReference; lastKnownFileType = sourcecode.swift; path = KYDTabBarController.swift; sourceTree = "<group>"; };
		5F2589E72B87442700A1B9B5 /* KYDNavigationController.swift */ = {isa = PBXFileReference; lastKnownFileType = sourcecode.swift; path = KYDNavigationController.swift; sourceTree = "<group>"; };
/* End PBXFileReference section */

/* Begin PBXFrameworksBuildPhase section */
		5F25898A2B872F2D00A1B9B5 /* Frameworks */ = {
			isa = PBXFrameworksBuildPhase;
			buildActionMask = 2147483647;
			files = (
			);
			runOnlyForDeploymentPostprocessing = 0;
		};
		5F2589A52B872F5A00A1B9B5 /* Frameworks */ = {
			isa = PBXFrameworksBuildPhase;
			buildActionMask = 2147483647;
			files = (
			);
			runOnlyForDeploymentPostprocessing = 0;
		};
		5F2589D12B87322C00A1B9B5 /* Frameworks */ = {
			isa = PBXFrameworksBuildPhase;
			buildActionMask = 2147483647;
			files = (
				5F2589D62B87322C00A1B9B5 /* SwiftUI.framework in Frameworks */,
				5F2589D52B87322C00A1B9B5 /* WidgetKit.framework in Frameworks */,
			);
			runOnlyForDeploymentPostprocessing = 0;
		};
/* End PBXFrameworksBuildPhase section */

/* Begin PBXGroup section */
		5F2589842B872F2D00A1B9B5 = {
			isa = PBXGroup;
			children = (
				5F25898F2B872F2D00A1B9B5 /* ExtApp */,
				5F2589A92B872F5A00A1B9B5 /* KBDExt */,
				5F2589D72B87322C00A1B9B5 /* WE */,
				5F2589B92B8731AA00A1B9B5 /* Frameworks */,
				5F25898E2B872F2D00A1B9B5 /* Products */,
			);
			sourceTree = "<group>";
		};
		5F25898E2B872F2D00A1B9B5 /* Products */ = {
			isa = PBXGroup;
			children = (
				5F25898D2B872F2D00A1B9B5 /* ExtApp.app */,
				5F2589A82B872F5A00A1B9B5 /* KBDExt.appex */,
				5F2589D42B87322C00A1B9B5 /* WEExtension.appex */,
			);
			name = Products;
			sourceTree = "<group>";
		};
		5F25898F2B872F2D00A1B9B5 /* ExtApp */ = {
			isa = PBXGroup;
			children = (
				5F2589902B872F2D00A1B9B5 /* AppDelegate.swift */,
				5F2589922B872F2D00A1B9B5 /* SceneDelegate.swift */,
				5F2589942B872F2D00A1B9B5 /* ViewController.swift */,
				5F2589E52B87402700A1B9B5 /* KYDTabBarController.swift */,
				5F2589E72B87442700A1B9B5 /* KYDNavigationController.swift */,
				5F2589992B872F2F00A1B9B5 /* Assets.xcassets */,
				5F25899B2B872F2F00A1B9B5 /* LaunchScreen.storyboard */,
				5F25899E2B872F2F00A1B9B5 /* Info.plist */,
			);
			path = ExtApp;
			sourceTree = "<group>";
		};
		5F2589A92B872F5A00A1B9B5 /* KBDExt */ = {
			isa = PBXGroup;
			children = (
				5F2589AA2B872F5A00A1B9B5 /* KeyboardViewController.swift */,
				5F2589AC2B872F5A00A1B9B5 /* Info.plist */,
			);
			path = KBDExt;
			sourceTree = "<group>";
		};
		5F2589B92B8731AA00A1B9B5 /* Frameworks */ = {
			isa = PBXGroup;
			children = (
				5F2589BA2B8731AA00A1B9B5 /* WidgetKit.framework */,
				5F2589BC2B8731AA00A1B9B5 /* SwiftUI.framework */,
			);
			name = Frameworks;
			sourceTree = "<group>";
		};
		5F2589D72B87322C00A1B9B5 /* WE */ = {
			isa = PBXGroup;
			children = (
				5F2589D82B87322C00A1B9B5 /* WEBundle.swift */,
				5F2589DA2B87322C00A1B9B5 /* WE.swift */,
				5F2589DC2B87322E00A1B9B5 /* Assets.xcassets */,
				5F2589DE2B87322E00A1B9B5 /* Info.plist */,
			);
			path = WE;
			sourceTree = "<group>";
		};
/* End PBXGroup section */

/* Begin PBXNativeTarget section */
		5F25898C2B872F2D00A1B9B5 /* ExtApp */ = {
			isa = PBXNativeTarget;
			buildConfigurationList = 5F2589A12B872F2F00A1B9B5 /* Build configuration list for PBXNativeTarget "ExtApp" */;
			buildPhases = (
				5F2589892B872F2D00A1B9B5 /* Sources */,
				5F25898A2B872F2D00A1B9B5 /* Frameworks */,
				5F25898B2B872F2D00A1B9B5 /* Resources */,
				5F2589B32B872F5A00A1B9B5 /* Embed Foundation Extensions */,
			);
			buildRules = (
			);
			dependencies = (
				5F2589AE2B872F5A00A1B9B5 /* PBXTargetDependency */,
				5F2589E02B87322E00A1B9B5 /* PBXTargetDependency */,
			);
			name = ExtApp;
			productName = ExtApp;
			productReference = 5F25898D2B872F2D00A1B9B5 /* ExtApp.app */;
			productType = "com.apple.product-type.application";
		};
		5F2589A72B872F5A00A1B9B5 /* KBDExt */ = {
			isa = PBXNativeTarget;
			buildConfigurationList = 5F2589B02B872F5A00A1B9B5 /* Build configuration list for PBXNativeTarget "KBDExt" */;
			buildPhases = (
				5F2589A42B872F5A00A1B9B5 /* Sources */,
				5F2589A52B872F5A00A1B9B5 /* Frameworks */,
				5F2589A62B872F5A00A1B9B5 /* Resources */,
			);
			buildRules = (
			);
			dependencies = (
			);
			name = KBDExt;
			productName = KBDExt;
			productReference = 5F2589A82B872F5A00A1B9B5 /* KBDExt.appex */;
			productType = "com.apple.product-type.app-extension";
		};
		5F2589D32B87322C00A1B9B5 /* WEExtension */ = {
			isa = PBXNativeTarget;
			buildConfigurationList = 5F2589E22B87322E00A1B9B5 /* Build configuration list for PBXNativeTarget "WEExtension" */;
			buildPhases = (
				5F2589D02B87322C00A1B9B5 /* Sources */,
				5F2589D12B87322C00A1B9B5 /* Frameworks */,
				5F2589D22B87322C00A1B9B5 /* Resources */,
			);
			buildRules = (
			);
			dependencies = (
			);
			name = WEExtension;
			productName = WEExtension;
			productReference = 5F2589D42B87322C00A1B9B5 /* WEExtension.appex */;
			productType = "com.apple.product-type.app-extension";
		};
/* End PBXNativeTarget section */

/* Begin PBXProject section */
		5F2589852B872F2D00A1B9B5 /* Project object */ = {
			isa = PBXProject;
			attributes = {
				BuildIndependentTargetsInParallel = 1;
				LastSwiftUpdateCheck = 1520;
				LastUpgradeCheck = 1520;
				TargetAttributes = {
					5F25898C2B872F2D00A1B9B5 = {
						CreatedOnToolsVersion = 15.2;
					};
					5F2589A72B872F5A00A1B9B5 = {
						CreatedOnToolsVersion = 15.2;
					};
					5F2589D32B87322C00A1B9B5 = {
						CreatedOnToolsVersion = 15.2;
					};
				};
			};
			buildConfigurationList = 5F2589882B872F2D00A1B9B5 /* Build configuration list for PBXProject "ExtApp" */;
			compatibilityVersion = "Xcode 14.0";
			developmentRegion = en;
			hasScannedForEncodings = 0;
			knownRegions = (
				en,
				Base,
			);
			mainGroup = 5F2589842B872F2D00A1B9B5;
			productRefGroup = 5F25898E2B872F2D00A1B9B5 /* Products */;
			projectDirPath = "";
			projectRoot = "";
			targets = (
				5F25898C2B872F2D00A1B9B5 /* ExtApp */,
				5F2589A72B872F5A00A1B9B5 /* KBDExt */,
				5F2589D32B87322C00A1B9B5 /* WEExtension */,
			);
		};
/* End PBXProject section */

/* Begin PBXResourcesBuildPhase section */
		5F25898B2B872F2D00A1B9B5 /* Resources */ = {
			isa = PBXResourcesBuildPhase;
			buildActionMask = 2147483647;
			files = (
				5F25899D2B872F2F00A1B9B5 /* LaunchScreen.storyboard in Resources */,
				5F25899A2B872F2F00A1B9B5 /* Assets.xcassets in Resources */,
			);
			runOnlyForDeploymentPostprocessing = 0;
		};
		5F2589A62B872F5A00A1B9B5 /* Resources */ = {
			isa = PBXResourcesBuildPhase;
			buildActionMask = 2147483647;
			files = (
			);
			runOnlyForDeploymentPostprocessing = 0;
		};
		5F2589D22B87322C00A1B9B5 /* Resources */ = {
			isa = PBXResourcesBuildPhase;
			buildActionMask = 2147483647;
			files = (
				5F2589DD2B87322E00A1B9B5 /* Assets.xcassets in Resources */,
			);
			runOnlyForDeploymentPostprocessing = 0;
		};
/* End PBXResourcesBuildPhase section */

/* Begin PBXSourcesBuildPhase section */
		5F2589892B872F2D00A1B9B5 /* Sources */ = {
			isa = PBXSourcesBuildPhase;
			buildActionMask = 2147483647;
			files = (
				5F2589E62B87402700A1B9B5 /* KYDTabBarController.swift in Sources */,
				5F2589952B872F2D00A1B9B5 /* ViewController.swift in Sources */,
				5F2589912B872F2D00A1B9B5 /* AppDelegate.swift in Sources */,
				5F2589E82B87442700A1B9B5 /* KYDNavigationController.swift in Sources */,
				5F2589932B872F2D00A1B9B5 /* SceneDelegate.swift in Sources */,
			);
			runOnlyForDeploymentPostprocessing = 0;
		};
		5F2589A42B872F5A00A1B9B5 /* Sources */ = {
			isa = PBXSourcesBuildPhase;
			buildActionMask = 2147483647;
			files = (
				5F2589AB2B872F5A00A1B9B5 /* KeyboardViewController.swift in Sources */,
			);
			runOnlyForDeploymentPostprocessing = 0;
		};
		5F2589D02B87322C00A1B9B5 /* Sources */ = {
			isa = PBXSourcesBuildPhase;
			buildActionMask = 2147483647;
			files = (
				5F2589D92B87322C00A1B9B5 /* WEBundle.swift in Sources */,
				5F2589DB2B87322C00A1B9B5 /* WE.swift in Sources */,
			);
			runOnlyForDeploymentPostprocessing = 0;
		};
/* End PBXSourcesBuildPhase section */

/* Begin PBXTargetDependency section */
		5F2589AE2B872F5A00A1B9B5 /* PBXTargetDependency */ = {
			isa = PBXTargetDependency;
			target = 5F2589A72B872F5A00A1B9B5 /* KBDExt */;
			targetProxy = 5F2589AD2B872F5A00A1B9B5 /* PBXContainerItemProxy */;
		};
		5F2589E02B87322E00A1B9B5 /* PBXTargetDependency */ = {
			isa = PBXTargetDependency;
			target = 5F2589D32B87322C00A1B9B5 /* WEExtension */;
			targetProxy = 5F2589DF2B87322E00A1B9B5 /* PBXContainerItemProxy */;
		};
/* End PBXTargetDependency section */

/* Begin PBXVariantGroup section */
		5F25899B2B872F2F00A1B9B5 /* LaunchScreen.storyboard */ = {
			isa = PBXVariantGroup;
			children = (
				5F25899C2B872F2F00A1B9B5 /* Base */,
			);
			name = LaunchScreen.storyboard;
			sourceTree = "<group>";
		};
/* End PBXVariantGroup section */

/* Begin XCBuildConfiguration section */
		5F25899F2B872F2F00A1B9B5 /* Debug */ = {
			isa = XCBuildConfiguration;
			buildSettings = {
				ALWAYS_SEARCH_USER_PATHS = NO;
				ASSETCATALOG_COMPILER_GENERATE_SWIFT_ASSET_SYMBOL_EXTENSIONS = YES;
				CLANG_ANALYZER_NONNULL = YES;
				CLANG_ANALYZER_NUMBER_OBJECT_CONVERSION = YES_AGGRESSIVE;
				CLANG_CXX_LANGUAGE_STANDARD = "gnu++20";
				CLANG_ENABLE_MODULES = YES;
				CLANG_ENABLE_OBJC_ARC = YES;
				CLANG_ENABLE_OBJC_WEAK = YES;
				CLANG_WARN_BLOCK_CAPTURE_AUTORELEASING = YES;
				CLANG_WARN_BOOL_CONVERSION = YES;
				CLANG_WARN_COMMA = YES;
				CLANG_WARN_CONSTANT_CONVERSION = YES;
				CLANG_WARN_DEPRECATED_OBJC_IMPLEMENTATIONS = YES;
				CLANG_WARN_DIRECT_OBJC_ISA_USAGE = YES_ERROR;
				CLANG_WARN_DOCUMENTATION_COMMENTS = YES;
				CLANG_WARN_EMPTY_BODY = YES;
				CLANG_WARN_ENUM_CONVERSION = YES;
				CLANG_WARN_INFINITE_RECURSION = YES;
				CLANG_WARN_INT_CONVERSION = YES;
				CLANG_WARN_NON_LITERAL_NULL_CONVERSION = YES;
				CLANG_WARN_OBJC_IMPLICIT_RETAIN_SELF = YES;
				CLANG_WARN_OBJC_LITERAL_CONVERSION = YES;
				CLANG_WARN_OBJC_ROOT_CLASS = YES_ERROR;
				CLANG_WARN_QUOTED_INCLUDE_IN_FRAMEWORK_HEADER = YES;
				CLANG_WARN_RANGE_LOOP_ANALYSIS = YES;
				CLANG_WARN_STRICT_PROTOTYPES = YES;
				CLANG_WARN_SUSPICIOUS_MOVE = YES;
				CLANG_WARN_UNGUARDED_AVAILABILITY = YES_AGGRESSIVE;
				CLANG_WARN_UNREACHABLE_CODE = YES;
				CLANG_WARN__DUPLICATE_METHOD_MATCH = YES;
				COPY_PHASE_STRIP = NO;
				DEBUG_INFORMATION_FORMAT = dwarf;
				ENABLE_STRICT_OBJC_MSGSEND = YES;
				ENABLE_TESTABILITY = YES;
				ENABLE_USER_SCRIPT_SANDBOXING = YES;
				GCC_C_LANGUAGE_STANDARD = gnu17;
				GCC_DYNAMIC_NO_PIC = NO;
				GCC_NO_COMMON_BLOCKS = YES;
				GCC_OPTIMIZATION_LEVEL = 0;
				GCC_PREPROCESSOR_DEFINITIONS = (
					"DEBUG=1",
					"$(inherited)",
				);
				GCC_WARN_64_TO_32_BIT_CONVERSION = YES;
				GCC_WARN_ABOUT_RETURN_TYPE = YES_ERROR;
				GCC_WARN_UNDECLARED_SELECTOR = YES;
				GCC_WARN_UNINITIALIZED_AUTOS = YES_AGGRESSIVE;
				GCC_WARN_UNUSED_FUNCTION = YES;
				GCC_WARN_UNUSED_VARIABLE = YES;
				IPHONEOS_DEPLOYMENT_TARGET = 14.0;
				LOCALIZATION_PREFERS_STRING_CATALOGS = YES;
				MTL_ENABLE_DEBUG_INFO = INCLUDE_SOURCE;
				MTL_FAST_MATH = YES;
				ONLY_ACTIVE_ARCH = YES;
				SDKROOT = iphoneos;
				SWIFT_ACTIVE_COMPILATION_CONDITIONS = "DEBUG $(inherited)";
				SWIFT_OPTIMIZATION_LEVEL = "-Onone";
			};
			name = Debug;
		};
		5F2589A02B872F2F00A1B9B5 /* Release */ = {
			isa = XCBuildConfiguration;
			buildSettings = {
				ALWAYS_SEARCH_USER_PATHS = NO;
				ASSETCATALOG_COMPILER_GENERATE_SWIFT_ASSET_SYMBOL_EXTENSIONS = YES;
				CLANG_ANALYZER_NONNULL = YES;
				CLANG_ANALYZER_NUMBER_OBJECT_CONVERSION = YES_AGGRESSIVE;
				CLANG_CXX_LANGUAGE_STANDARD = "gnu++20";
				CLANG_ENABLE_MODULES = YES;
				CLANG_ENABLE_OBJC_ARC = YES;
				CLANG_ENABLE_OBJC_WEAK = YES;
				CLANG_WARN_BLOCK_CAPTURE_AUTORELEASING = YES;
				CLANG_WARN_BOOL_CONVERSION = YES;
				CLANG_WARN_COMMA = YES;
				CLANG_WARN_CONSTANT_CONVERSION = YES;
				CLANG_WARN_DEPRECATED_OBJC_IMPLEMENTATIONS = YES;
				CLANG_WARN_DIRECT_OBJC_ISA_USAGE = YES_ERROR;
				CLANG_WARN_DOCUMENTATION_COMMENTS = YES;
				CLANG_WARN_EMPTY_BODY = YES;
				CLANG_WARN_ENUM_CONVERSION = YES;
				CLANG_WARN_INFINITE_RECURSION = YES;
				CLANG_WARN_INT_CONVERSION = YES;
				CLANG_WARN_NON_LITERAL_NULL_CONVERSION = YES;
				CLANG_WARN_OBJC_IMPLICIT_RETAIN_SELF = YES;
				CLANG_WARN_OBJC_LITERAL_CONVERSION = YES;
				CLANG_WARN_OBJC_ROOT_CLASS = YES_ERROR;
				CLANG_WARN_QUOTED_INCLUDE_IN_FRAMEWORK_HEADER = YES;
				CLANG_WARN_RANGE_LOOP_ANALYSIS = YES;
				CLANG_WARN_STRICT_PROTOTYPES = YES;
				CLANG_WARN_SUSPICIOUS_MOVE = YES;
				CLANG_WARN_UNGUARDED_AVAILABILITY = YES_AGGRESSIVE;
				CLANG_WARN_UNREACHABLE_CODE = YES;
				CLANG_WARN__DUPLICATE_METHOD_MATCH = YES;
				COPY_PHASE_STRIP = NO;
				DEBUG_INFORMATION_FORMAT = "dwarf-with-dsym";
				ENABLE_NS_ASSERTIONS = NO;
				ENABLE_STRICT_OBJC_MSGSEND = YES;
				ENABLE_USER_SCRIPT_SANDBOXING = YES;
				GCC_C_LANGUAGE_STANDARD = gnu17;
				GCC_NO_COMMON_BLOCKS = YES;
				GCC_WARN_64_TO_32_BIT_CONVERSION = YES;
				GCC_WARN_ABOUT_RETURN_TYPE = YES_ERROR;
				GCC_WARN_UNDECLARED_SELECTOR = YES;
				GCC_WARN_UNINITIALIZED_AUTOS = YES_AGGRESSIVE;
				GCC_WARN_UNUSED_FUNCTION = YES;
				GCC_WARN_UNUSED_VARIABLE = YES;
				IPHONEOS_DEPLOYMENT_TARGET = 14.0;
				LOCALIZATION_PREFERS_STRING_CATALOGS = YES;
				MTL_ENABLE_DEBUG_INFO = NO;
				MTL_FAST_MATH = YES;
				SDKROOT = iphoneos;
				SWIFT_COMPILATION_MODE = wholemodule;
				VALIDATE_PRODUCT = YES;
			};
			name = Release;
		};
		5F2589A22B872F2F00A1B9B5 /* Debug */ = {
			isa = XCBuildConfiguration;
			buildSettings = {
				ALWAYS_EMBED_SWIFT_STANDARD_LIBRARIES = YES;
				ASSETCATALOG_COMPILER_APPICON_NAME = AppIcon;
				ASSETCATALOG_COMPILER_GLOBAL_ACCENT_COLOR_NAME = AccentColor;
				CODE_SIGN_STYLE = Automatic;
				CURRENT_PROJECT_VERSION = 1;
				DEVELOPMENT_TEAM = G73BW2VXTT;
				GENERATE_INFOPLIST_FILE = YES;
				INFOPLIST_FILE = ExtApp/Info.plist;
				INFOPLIST_KEY_UIApplicationSupportsIndirectInputEvents = YES;
				INFOPLIST_KEY_UILaunchStoryboardName = LaunchScreen;
				INFOPLIST_KEY_UIMainStoryboardFile = Main;
				INFOPLIST_KEY_UISupportedInterfaceOrientations_iPad = "UIInterfaceOrientationPortrait UIInterfaceOrientationPortraitUpsideDown UIInterfaceOrientationLandscapeLeft UIInterfaceOrientationLandscapeRight";
				INFOPLIST_KEY_UISupportedInterfaceOrientations_iPhone = "UIInterfaceOrientationPortrait UIInterfaceOrientationLandscapeLeft UIInterfaceOrientationLandscapeRight";
				IPHONEOS_DEPLOYMENT_TARGET = 13.0;
				LD_RUNPATH_SEARCH_PATHS = (
					"$(inherited)",
					"@executable_path/Frameworks",
				);
				MARKETING_VERSION = 1.0;
				PRODUCT_BUNDLE_IDENTIFIER = com.ui.ExtApp;
				PRODUCT_NAME = "$(TARGET_NAME)";
				SWIFT_EMIT_LOC_STRINGS = YES;
				SWIFT_VERSION = 5.0;
				TARGETED_DEVICE_FAMILY = "1,2";
			};
			name = Debug;
		};
		5F2589A32B872F2F00A1B9B5 /* Release */ = {
			isa = XCBuildConfiguration;
			buildSettings = {
				ALWAYS_EMBED_SWIFT_STANDARD_LIBRARIES = YES;
				ASSETCATALOG_COMPILER_APPICON_NAME = AppIcon;
				ASSETCATALOG_COMPILER_GLOBAL_ACCENT_COLOR_NAME = AccentColor;
				CODE_SIGN_STYLE = Automatic;
				CURRENT_PROJECT_VERSION = 1;
				DEVELOPMENT_TEAM = G73BW2VXTT;
				GENERATE_INFOPLIST_FILE = YES;
				INFOPLIST_FILE = ExtApp/Info.plist;
				INFOPLIST_KEY_UIApplicationSupportsIndirectInputEvents = YES;
				INFOPLIST_KEY_UILaunchStoryboardName = LaunchScreen;
				INFOPLIST_KEY_UIMainStoryboardFile = Main;
				INFOPLIST_KEY_UISupportedInterfaceOrientations_iPad = "UIInterfaceOrientationPortrait UIInterfaceOrientationPortraitUpsideDown UIInterfaceOrientationLandscapeLeft UIInterfaceOrientationLandscapeRight";
				INFOPLIST_KEY_UISupportedInterfaceOrientations_iPhone = "UIInterfaceOrientationPortrait UIInterfaceOrientationLandscapeLeft UIInterfaceOrientationLandscapeRight";
				IPHONEOS_DEPLOYMENT_TARGET = 13.0;
				LD_RUNPATH_SEARCH_PATHS = (
					"$(inherited)",
					"@executable_path/Frameworks",
				);
				MARKETING_VERSION = 1.0;
				PRODUCT_BUNDLE_IDENTIFIER = com.ui.ExtApp;
				PRODUCT_NAME = "$(TARGET_NAME)";
				SWIFT_EMIT_LOC_STRINGS = YES;
				SWIFT_VERSION = 5.0;
				TARGETED_DEVICE_FAMILY = "1,2";
			};
			name = Release;
		};
		5F2589B12B872F5A00A1B9B5 /* Debug */ = {
			isa = XCBuildConfiguration;
			buildSettings = {
				CODE_SIGN_STYLE = Automatic;
				CURRENT_PROJECT_VERSION = 1;
				DEVELOPMENT_TEAM = G73BW2VXTT;
				GENERATE_INFOPLIST_FILE = YES;
				INFOPLIST_FILE = KBDExt/Info.plist;
				INFOPLIST_KEY_CFBundleDisplayName = KBDExt;
				INFOPLIST_KEY_NSHumanReadableCopyright = "";
				IPHONEOS_DEPLOYMENT_TARGET = 14.0;
				LD_RUNPATH_SEARCH_PATHS = (
					"$(inherited)",
					"@executable_path/Frameworks",
					"@executable_path/../../Frameworks",
				);
				MARKETING_VERSION = 1.0;
				PRODUCT_BUNDLE_IDENTIFIER = com.ui.ExtApp.KBDExt;
				PRODUCT_NAME = "$(TARGET_NAME)";
				SKIP_INSTALL = YES;
				SWIFT_EMIT_LOC_STRINGS = YES;
				SWIFT_VERSION = 5.0;
				TARGETED_DEVICE_FAMILY = "1,2";
			};
			name = Debug;
		};
		5F2589B22B872F5A00A1B9B5 /* Release */ = {
			isa = XCBuildConfiguration;
			buildSettings = {
				CODE_SIGN_STYLE = Automatic;
				CURRENT_PROJECT_VERSION = 1;
				DEVELOPMENT_TEAM = G73BW2VXTT;
				GENERATE_INFOPLIST_FILE = YES;
				INFOPLIST_FILE = KBDExt/Info.plist;
				INFOPLIST_KEY_CFBundleDisplayName = KBDExt;
				INFOPLIST_KEY_NSHumanReadableCopyright = "";
				IPHONEOS_DEPLOYMENT_TARGET = 14.0;
				LD_RUNPATH_SEARCH_PATHS = (
					"$(inherited)",
					"@executable_path/Frameworks",
					"@executable_path/../../Frameworks",
				);
				MARKETING_VERSION = 1.0;
				PRODUCT_BUNDLE_IDENTIFIER = com.ui.ExtApp.KBDExt;
				PRODUCT_NAME = "$(TARGET_NAME)";
				SKIP_INSTALL = YES;
				SWIFT_EMIT_LOC_STRINGS = YES;
				SWIFT_VERSION = 5.0;
				TARGETED_DEVICE_FAMILY = "1,2";
			};
			name = Release;
		};
		5F2589E32B87322E00A1B9B5 /* Debug */ = {
			isa = XCBuildConfiguration;
			buildSettings = {
				ASSETCATALOG_COMPILER_GLOBAL_ACCENT_COLOR_NAME = AccentColor;
				ASSETCATALOG_COMPILER_WIDGET_BACKGROUND_COLOR_NAME = WidgetBackground;
				CODE_SIGN_STYLE = Automatic;
				CURRENT_PROJECT_VERSION = 1;
				DEVELOPMENT_TEAM = G73BW2VXTT;
				GENERATE_INFOPLIST_FILE = YES;
				INFOPLIST_FILE = WE/Info.plist;
				INFOPLIST_KEY_CFBundleDisplayName = WE;
				INFOPLIST_KEY_NSHumanReadableCopyright = "";
				IPHONEOS_DEPLOYMENT_TARGET = 15.0;
				LD_RUNPATH_SEARCH_PATHS = (
					"$(inherited)",
					"@executable_path/Frameworks",
					"@executable_path/../../Frameworks",
				);
				MARKETING_VERSION = 1.0;
				PRODUCT_BUNDLE_IDENTIFIER = com.ui.ExtApp.WE;
				PRODUCT_NAME = "$(TARGET_NAME)";
				SKIP_INSTALL = YES;
				SWIFT_EMIT_LOC_STRINGS = YES;
				SWIFT_VERSION = 5.0;
				TARGETED_DEVICE_FAMILY = "1,2";
			};
			name = Debug;
		};
		5F2589E42B87322E00A1B9B5 /* Release */ = {
			isa = XCBuildConfiguration;
			buildSettings = {
				ASSETCATALOG_COMPILER_GLOBAL_ACCENT_COLOR_NAME = AccentColor;
				ASSETCATALOG_COMPILER_WIDGET_BACKGROUND_COLOR_NAME = WidgetBackground;
				CODE_SIGN_STYLE = Automatic;
				CURRENT_PROJECT_VERSION = 1;
				DEVELOPMENT_TEAM = G73BW2VXTT;
				GENERATE_INFOPLIST_FILE = YES;
				INFOPLIST_FILE = WE/Info.plist;
				INFOPLIST_KEY_CFBundleDisplayName = WE;
				INFOPLIST_KEY_NSHumanReadableCopyright = "";
				IPHONEOS_DEPLOYMENT_TARGET = 15.0;
				LD_RUNPATH_SEARCH_PATHS = (
					"$(inherited)",
					"@executable_path/Frameworks",
					"@executable_path/../../Frameworks",
				);
				MARKETING_VERSION = 1.0;
				PRODUCT_BUNDLE_IDENTIFIER = com.ui.ExtApp.WE;
				PRODUCT_NAME = "$(TARGET_NAME)";
				SKIP_INSTALL = YES;
				SWIFT_EMIT_LOC_STRINGS = YES;
				SWIFT_VERSION = 5.0;
				TARGETED_DEVICE_FAMILY = "1,2";
			};
			name = Release;
		};
/* End XCBuildConfiguration section */

/* Begin XCConfigurationList section */
		5F2589882B872F2D00A1B9B5 /* Build configuration list for PBXProject "ExtApp" */ = {
			isa = XCConfigurationList;
			buildConfigurations = (
				5F25899F2B872F2F00A1B9B5 /* Debug */,
				5F2589A02B872F2F00A1B9B5 /* Release */,
			);
			defaultConfigurationIsVisible = 0;
			defaultConfigurationName = Release;
		};
		5F2589A12B872F2F00A1B9B5 /* Build configuration list for PBXNativeTarget "ExtApp" */ = {
			isa = XCConfigurationList;
			buildConfigurations = (
				5F2589A22B872F2F00A1B9B5 /* Debug */,
				5F2589A32B872F2F00A1B9B5 /* Release */,
			);
			defaultConfigurationIsVisible = 0;
			defaultConfigurationName = Release;
		};
		5F2589B02B872F5A00A1B9B5 /* Build configuration list for PBXNativeTarget "KBDExt" */ = {
			isa = XCConfigurationList;
			buildConfigurations = (
				5F2589B12B872F5A00A1B9B5 /* Debug */,
				5F2589B22B872F5A00A1B9B5 /* Release */,
			);
			defaultConfigurationIsVisible = 0;
			defaultConfigurationName = Release;
		};
		5F2589E22B87322E00A1B9B5 /* Build configuration list for PBXNativeTarget "WEExtension" */ = {
			isa = XCConfigurationList;
			buildConfigurations = (
				5F2589E32B87322E00A1B9B5 /* Debug */,
				5F2589E42B87322E00A1B9B5 /* Release */,
			);
			defaultConfigurationIsVisible = 0;
			defaultConfigurationName = Release;
		};
/* End XCConfigurationList section */
	};
	rootObject = 5F2589852B872F2D00A1B9B5 /* Project object */;
}
